
Microsoft Visual Studio Solution File, Format Version 11.00
# Visual Studio 2010
Project("{FAE04EC0-301F-11D3-BF4B-00C04F79EFBC}") = "MyTestApp", "MyTestApp.csproj", "{1C6FAB4E-52C0-40DE-B53D-371CE7DEC73D}"
EndProject
Global
	GlobalSection(SolutionConfigurationPlatforms) = preSolution
		Debug|Any CPU = Debug|Any CPU
		Release|Any CPU = Release|Any CPU
	EndGlobalSection
	GlobalSection(ProjectConfigurationPlatforms) = postSolution
		{1C6FAB4E-52C0-40DE-B53D-371CE7DEC73D}.Debug|Any CPU.ActiveCfg = Debug|Any CPU
		{1C6FAB4E-52C0-40DE-B53D-371CE7DEC73D}.Debug|Any CPU.Build.0 = Debug|Any CPU
		{1C6FAB4E-52C0-40DE-B53D-371CE7DEC73D}.Release|Any CPU.ActiveCfg = Release|Any CPU
		{1C6FAB4E-52C0-40DE-B53D-371CE7DEC73D}.Release|Any CPU.Build.0 = Release|Any CPU
	EndGlobalSection
	GlobalSection(SolutionProperties) = preSolution
		HideSolutionNode = FALSE
	EndGlobalSection
EndGlobal
